
Microsoft Visual Studio Solution File, Format Version 12.00
# Visual Studio Version 16
VisualStudioVersion = 16.0.32602.291
MinimumVisualStudioVersion = 10.0.40219.1
Project("{FAE04EC0-301F-11D3-BF4B-00C04F79EFBC}") = "WindowsFormsApp1", "WindowsFormsApp1\WindowsFormsApp1.csproj", "{7C996528-427B-4C46-81A0-073FA6BF7BF5}"
EndProject
Project("{FAE04EC0-301F-11D3-BF4B-00C04F79EFBC}") = "Entidades", "Entidades\Entidades.csproj", "{56CC10B3-1738-4969-8615-3388E8E97C4A}"
EndProject
Project("{FAE04EC0-301F-11D3-BF4B-00C04F79EFBC}") = "CapaDatos", "CapaDatos\CapaDatos.csproj", "{ED4A1298-D08A-40B7-86F4-730F42D4948F}"
EndProject
Project("{FAE04EC0-301F-11D3-BF4B-00C04F79EFBC}") = "CapaNegocios", "CapaNegocios\CapaNegocios.csproj", "{5631915B-B842-4C3B-AD7E-5024F6472872}"
EndProject
Global
	GlobalSection(SolutionConfigurationPlatforms) = preSolution
		Debug|Any CPU = Debug|Any CPU
		Release|Any CPU = Release|Any CPU
	EndGlobalSection
	GlobalSection(ProjectConfigurationPlatforms) = postSolution
		{7C996528-427B-4C46-81A0-073FA6BF7BF5}.Debug|Any CPU.ActiveCfg = Debug|Any CPU
		{7C996528-427B-4C46-81A0-073FA6BF7BF5}.Debug|Any CPU.Build.0 = Debug|Any CPU
		{7C996528-427B-4C46-81A0-073FA6BF7BF5}.Release|Any CPU.ActiveCfg = Release|Any CPU
		{7C996528-427B-4C46-81A0-073FA6BF7BF5}.Release|Any CPU.Build.0 = Release|Any CPU
		{56CC10B3-1738-4969-8615-3388E8E97C4A}.Debug|Any CPU.ActiveCfg = Debug|Any CPU
		{56CC10B3-1738-4969-8615-3388E8E97C4A}.Debug|Any CPU.Build.0 = Debug|Any CPU
		{56CC10B3-1738-4969-8615-3388E8E97C4A}.Release|Any CPU.ActiveCfg = Release|Any CPU
		{56CC10B3-1738-4969-8615-3388E8E97C4A}.Release|Any CPU.Build.0 = Release|Any CPU
		{ED4A1298-D08A-40B7-86F4-730F42D4948F}.Debug|Any CPU.ActiveCfg = Debug|Any CPU
		{ED4A1298-D08A-40B7-86F4-730F42D4948F}.Debug|Any CPU.Build.0 = Debug|Any CPU
		{ED4A1298-D08A-40B7-86F4-730F42D4948F}.Release|Any CPU.ActiveCfg = Release|Any CPU
		{ED4A1298-D08A-40B7-86F4-730F42D4948F}.Release|Any CPU.Build.0 = Release|Any CPU
		{5631915B-B842-4C3B-AD7E-5024F6472872}.Debug|Any CPU.ActiveCfg = Debug|Any CPU
		{5631915B-B842-4C3B-AD7E-5024F6472872}.Debug|Any CPU.Build.0 = Debug|Any CPU
		{5631915B-B842-4C3B-AD7E-5024F6472872}.Release|Any CPU.ActiveCfg = Release|Any CPU
		{5631915B-B842-4C3B-AD7E-5024F6472872}.Release|Any CPU.Build.0 = Release|Any CPU
	EndGlobalSection
	GlobalSection(SolutionProperties) = preSolution
		HideSolutionNode = FALSE
	EndGlobalSection
	GlobalSection(ExtensibilityGlobals) = postSolution
		SolutionGuid = {852A7425-82B0-4DFF-B2A2-D93EB657E131}
	EndGlobalSection
EndGlobal
